
Microsoft Visual Studio Solution File, Format Version 12.00
# Visual Studio Version 17
VisualStudioVersion = 17.10.35013.160
MinimumVisualStudioVersion = 10.0.40219.1
Project("{FAE04EC0-301F-11D3-BF4B-00C04F79EFBC}") = "CoreDemo", "CoreDemo\CoreDemo.csproj", "{E3FDDF1E-DE83-4386-8FB4-648AE951EEED}"
EndProject
Project("{FAE04EC0-301F-11D3-BF4B-00C04F79EFBC}") = "EntityLayer", "EntityLayer\EntityLayer.csproj", "{49095CB0-6156-4BBB-B45A-58078FE10513}"
EndProject
Project("{FAE04EC0-301F-11D3-BF4B-00C04F79EFBC}") = "DataAccessLayer", "DataAccessLayer\DataAccessLayer.csproj", "{B493F4C4-DBE8-44B4-BBF9-F439EED29A14}"
EndProject
Project("{FAE04EC0-301F-11D3-BF4B-00C04F79EFBC}") = "BusinessLayer", "BusinessLayer\BusinessLayer.csproj", "{5CADD401-469E-46B5-9EEE-AD98A2FB0BF3}"
EndProject
Project("{FAE04EC0-301F-11D3-BF4B-00C04F79EFBC}") = "CoreLayer", "CoreLayer\CoreLayer.csproj", "{92AD6557-A389-472D-99C4-0259FCA5D515}"
EndProject
Global
	GlobalSection(SolutionConfigurationPlatforms) = preSolution
		Debug|Any CPU = Debug|Any CPU
		Release|Any CPU = Release|Any CPU
	EndGlobalSection
	GlobalSection(ProjectConfigurationPlatforms) = postSolution
		{E3FDDF1E-DE83-4386-8FB4-648AE951EEED}.Debug|Any CPU.ActiveCfg = Debug|Any CPU
		{E3FDDF1E-DE83-4386-8FB4-648AE951EEED}.Debug|Any CPU.Build.0 = Debug|Any CPU
		{E3FDDF1E-DE83-4386-8FB4-648AE951EEED}.Release|Any CPU.ActiveCfg = Release|Any CPU
		{E3FDDF1E-DE83-4386-8FB4-648AE951EEED}.Release|Any CPU.Build.0 = Release|Any CPU
		{49095CB0-6156-4BBB-B45A-58078FE10513}.Debug|Any CPU.ActiveCfg = Debug|Any CPU
		{49095CB0-6156-4BBB-B45A-58078FE10513}.Debug|Any CPU.Build.0 = Debug|Any CPU
		{49095CB0-6156-4BBB-B45A-58078FE10513}.Release|Any CPU.ActiveCfg = Release|Any CPU
		{49095CB0-6156-4BBB-B45A-58078FE10513}.Release|Any CPU.Build.0 = Release|Any CPU
		{B493F4C4-DBE8-44B4-BBF9-F439EED29A14}.Debug|Any CPU.ActiveCfg = Debug|Any CPU
		{B493F4C4-DBE8-44B4-BBF9-F439EED29A14}.Debug|Any CPU.Build.0 = Debug|Any CPU
		{B493F4C4-DBE8-44B4-BBF9-F439EED29A14}.Release|Any CPU.ActiveCfg = Release|Any CPU
		{B493F4C4-DBE8-44B4-BBF9-F439EED29A14}.Release|Any CPU.Build.0 = Release|Any CPU
		{5CADD401-469E-46B5-9EEE-AD98A2FB0BF3}.Debug|Any CPU.ActiveCfg = Debug|Any CPU
		{5CADD401-469E-46B5-9EEE-AD98A2FB0BF3}.Debug|Any CPU.Build.0 = Debug|Any CPU
		{5CADD401-469E-46B5-9EEE-AD98A2FB0BF3}.Release|Any CPU.ActiveCfg = Release|Any CPU
		{5CADD401-469E-46B5-9EEE-AD98A2FB0BF3}.Release|Any CPU.Build.0 = Release|Any CPU
		{92AD6557-A389-472D-99C4-0259FCA5D515}.Debug|Any CPU.ActiveCfg = Debug|Any CPU
		{92AD6557-A389-472D-99C4-0259FCA5D515}.Debug|Any CPU.Build.0 = Debug|Any CPU
		{92AD6557-A389-472D-99C4-0259FCA5D515}.Release|Any CPU.ActiveCfg = Release|Any CPU
		{92AD6557-A389-472D-99C4-0259FCA5D515}.Release|Any CPU.Build.0 = Release|Any CPU
	EndGlobalSection
	GlobalSection(SolutionProperties) = preSolution
		HideSolutionNode = FALSE
	EndGlobalSection
	GlobalSection(ExtensibilityGlobals) = postSolution
		SolutionGuid = {96A070EB-37FA-4AEA-A687-C6EC1BF4D0A7}
	EndGlobalSection
EndGlobal
